
Microsoft Visual Studio Solution File, Format Version 12.00
# Visual Studio Version 17
VisualStudioVersion = 17.0.31903.59
MinimumVisualStudioVersion = 10.0.40219.1
Project("{9A19103F-16F7-4668-BE54-9A1E7A4F7556}") = "YNAB Budget Planner", "YNAB Budget Planner\YNAB Budget Planner.csproj", "{06709399-D36E-4F2B-93EA-33986F7D4E36}"
EndProject
Project("{9A19103F-16F7-4668-BE54-9A1E7A4F7556}") = "ApiTester", "ApiTester\ApiTester.csproj", "{827C6A62-C7F2-457B-A2BA-B5EE3C302054}"
EndProject
Project("{9A19103F-16F7-4668-BE54-9A1E7A4F7556}") = "YnabRestApi", "YnabRestApi\YnabRestApi.csproj", "{E387BC96-A909-4DE4-AC2F-C7BEB9856B58}"
EndProject
Project("{9A19103F-16F7-4668-BE54-9A1E7A4F7556}") = "Desktop Budget Planner", "Desktop Budget Planner\Desktop Budget Planner.csproj", "{8F79AB46-D49D-4418-8F86-B46C9C93BB06}"
EndProject
Project("{9A19103F-16F7-4668-BE54-9A1E7A4F7556}") = "InteractiveCharts", "InteractiveCharts\InteractiveCharts.csproj", "{08D88651-DF40-4A47-BA72-A9633C2D18E3}"
EndProject
Project("{FAE04EC0-301F-11D3-BF4B-00C04F79EFBC}") = "Common", "Common\Common.csproj", "{6AFD1896-94B3-4149-919B-81A8100156ED}"
EndProject
Global
	GlobalSection(SolutionConfigurationPlatforms) = preSolution
		Debug|Any CPU = Debug|Any CPU
		Release|Any CPU = Release|Any CPU
	EndGlobalSection
	GlobalSection(ProjectConfigurationPlatforms) = postSolution
		{06709399-D36E-4F2B-93EA-33986F7D4E36}.Debug|Any CPU.ActiveCfg = Debug|Any CPU
		{06709399-D36E-4F2B-93EA-33986F7D4E36}.Debug|Any CPU.Build.0 = Debug|Any CPU
		{06709399-D36E-4F2B-93EA-33986F7D4E36}.Release|Any CPU.ActiveCfg = Release|Any CPU
		{06709399-D36E-4F2B-93EA-33986F7D4E36}.Release|Any CPU.Build.0 = Release|Any CPU
		{827C6A62-C7F2-457B-A2BA-B5EE3C302054}.Debug|Any CPU.ActiveCfg = Debug|Any CPU
		{827C6A62-C7F2-457B-A2BA-B5EE3C302054}.Debug|Any CPU.Build.0 = Debug|Any CPU
		{827C6A62-C7F2-457B-A2BA-B5EE3C302054}.Release|Any CPU.ActiveCfg = Release|Any CPU
		{827C6A62-C7F2-457B-A2BA-B5EE3C302054}.Release|Any CPU.Build.0 = Release|Any CPU
		{E387BC96-A909-4DE4-AC2F-C7BEB9856B58}.Debug|Any CPU.ActiveCfg = Debug|Any CPU
		{E387BC96-A909-4DE4-AC2F-C7BEB9856B58}.Debug|Any CPU.Build.0 = Debug|Any CPU
		{E387BC96-A909-4DE4-AC2F-C7BEB9856B58}.Release|Any CPU.ActiveCfg = Release|Any CPU
		{E387BC96-A909-4DE4-AC2F-C7BEB9856B58}.Release|Any CPU.Build.0 = Release|Any CPU
		{8F79AB46-D49D-4418-8F86-B46C9C93BB06}.Debug|Any CPU.ActiveCfg = Debug|Any CPU
		{8F79AB46-D49D-4418-8F86-B46C9C93BB06}.Debug|Any CPU.Build.0 = Debug|Any CPU
		{8F79AB46-D49D-4418-8F86-B46C9C93BB06}.Release|Any CPU.ActiveCfg = Release|Any CPU
		{8F79AB46-D49D-4418-8F86-B46C9C93BB06}.Release|Any CPU.Build.0 = Release|Any CPU
		{08D88651-DF40-4A47-BA72-A9633C2D18E3}.Debug|Any CPU.ActiveCfg = Debug|Any CPU
		{08D88651-DF40-4A47-BA72-A9633C2D18E3}.Debug|Any CPU.Build.0 = Debug|Any CPU
		{08D88651-DF40-4A47-BA72-A9633C2D18E3}.Release|Any CPU.ActiveCfg = Release|Any CPU
		{08D88651-DF40-4A47-BA72-A9633C2D18E3}.Release|Any CPU.Build.0 = Release|Any CPU
		{6AFD1896-94B3-4149-919B-81A8100156ED}.Debug|Any CPU.ActiveCfg = Debug|Any CPU
		{6AFD1896-94B3-4149-919B-81A8100156ED}.Debug|Any CPU.Build.0 = Debug|Any CPU
		{6AFD1896-94B3-4149-919B-81A8100156ED}.Release|Any CPU.ActiveCfg = Release|Any CPU
		{6AFD1896-94B3-4149-919B-81A8100156ED}.Release|Any CPU.Build.0 = Release|Any CPU
	EndGlobalSection
	GlobalSection(SolutionProperties) = preSolution
		HideSolutionNode = FALSE
	EndGlobalSection
	GlobalSection(ExtensibilityGlobals) = postSolution
		SolutionGuid = {4F1354BE-92E5-45F9-A596-DC9EC00723F5}
	EndGlobalSection
EndGlobal
